{
  "version": "4",
  "redirects": {
    "https://deno.land/x/combinatorics/mod.ts": "https://deno.land/x/combinatorics@1.1.2/mod.ts"
  },
  "remote": {
    "https://deno.land/x/combinatorics@1.1.2/cartesian_product.ts": "fe32b62f23352f07f0f6e5d01478255111434856a944be08d0b1f2029bcf9ed5",
    "https://deno.land/x/combinatorics@1.1.2/combinations.ts": "49b79a8323f19315a32f5026fa948012c07f9168cdc7e9b176f5e8677c0e2fa8",
    "https://deno.land/x/combinatorics@1.1.2/combinations_with_replacement.ts": "d14062f2cd407c2669af69c2df9c5f991e0bc3586c68948238ce2328cf49b707",
    "https://deno.land/x/combinatorics@1.1.2/mod.ts": "f33c6ce1342a7ea5ce35fd80be9e4b413c672c63cee0c25549c1aba6baec899d",
    "https://deno.land/x/combinatorics@1.1.2/permutations.ts": "b02b79a979cff9641e6986910475d77abf57b51079590c5f8bbd226ccc09a9a4",
    "https://deno.land/x/combinatorics@1.1.2/permutations_with_replacement.ts": "4a90c4d86818ff877208d1eb19df4c6203d485904457a2ee85eb5269221836ec",
    "https://deno.land/x/combinatorics@1.1.2/power_set.ts": "ea9b3d81cc87e1e37c81cfe71f2df8480d66352ec6d72dec47a14dea35bf6405"
  },
  "workspace": {
    "dependencies": [
      "jsr:@std/assert@1"
    ]
  }
}
